
Microsoft Visual Studio Solution File, Format Version 11.00
# Visual Studio 2010
Project("{8BC9CEB8-8B4A-11D0-8D11-00A0C91BC942}") = "LabFunctions", "LabFunctions\LabFunctions.vcxproj", "{41ADB452-CC81-484E-ACA0-531BC1B8557A}"
EndProject
Global
	GlobalSection(SolutionConfigurationPlatforms) = preSolution
		Debug|Win32 = Debug|Win32
		Release|Win32 = Release|Win32
	EndGlobalSection
	GlobalSection(ProjectConfigurationPlatforms) = postSolution
		{41ADB452-CC81-484E-ACA0-531BC1B8557A}.Debug|Win32.ActiveCfg = Debug|Win32
		{41ADB452-CC81-484E-ACA0-531BC1B8557A}.Debug|Win32.Build.0 = Debug|Win32
		{41ADB452-CC81-484E-ACA0-531BC1B8557A}.Release|Win32.ActiveCfg = Release|Win32
		{41ADB452-CC81-484E-ACA0-531BC1B8557A}.Release|Win32.Build.0 = Release|Win32
	EndGlobalSection
	GlobalSection(SolutionProperties) = preSolution
		HideSolutionNode = FALSE
	EndGlobalSection
EndGlobal
