
Microsoft Visual Studio Solution File, Format Version 11.00
# Visual Studio 2010
Project("{8BC9CEB8-8B4A-11D0-8D11-00A0C91BC942}") = "Exchange", "Exchange\Exchange.vcxproj", "{CE10B16D-3A4A-4AFE-94FE-2A05C2D1ED11}"
EndProject
Global
	GlobalSection(SolutionConfigurationPlatforms) = preSolution
		Debug|Win32 = Debug|Win32
		Release|Win32 = Release|Win32
	EndGlobalSection
	GlobalSection(ProjectConfigurationPlatforms) = postSolution
		{CE10B16D-3A4A-4AFE-94FE-2A05C2D1ED11}.Debug|Win32.ActiveCfg = Debug|Win32
		{CE10B16D-3A4A-4AFE-94FE-2A05C2D1ED11}.Debug|Win32.Build.0 = Debug|Win32
		{CE10B16D-3A4A-4AFE-94FE-2A05C2D1ED11}.Release|Win32.ActiveCfg = Release|Win32
		{CE10B16D-3A4A-4AFE-94FE-2A05C2D1ED11}.Release|Win32.Build.0 = Release|Win32
	EndGlobalSection
	GlobalSection(SolutionProperties) = preSolution
		HideSolutionNode = FALSE
	EndGlobalSection
EndGlobal
